
Microsoft Visual Studio Solution File, Format Version 12.00
# Visual Studio 15
VisualStudioVersion = 15.0.28307.1209
MinimumVisualStudioVersion = 10.0.40219.1
Project("{9A19103F-16F7-4668-BE54-9A1E7A4F7556}") = "controleEstoque", "controleEstoque.csproj", "{763C029F-0C42-460D-B380-BD4C3783FD05}"
EndProject
Global
	GlobalSection(SolutionConfigurationPlatforms) = preSolution
		Debug|Any CPU = Debug|Any CPU
		Release|Any CPU = Release|Any CPU
	EndGlobalSection
	GlobalSection(ProjectConfigurationPlatforms) = postSolution
		{763C029F-0C42-460D-B380-BD4C3783FD05}.Debug|Any CPU.ActiveCfg = Debug|Any CPU
		{763C029F-0C42-460D-B380-BD4C3783FD05}.Debug|Any CPU.Build.0 = Debug|Any CPU
		{763C029F-0C42-460D-B380-BD4C3783FD05}.Release|Any CPU.ActiveCfg = Release|Any CPU
		{763C029F-0C42-460D-B380-BD4C3783FD05}.Release|Any CPU.Build.0 = Release|Any CPU
	EndGlobalSection
	GlobalSection(SolutionProperties) = preSolution
		HideSolutionNode = FALSE
	EndGlobalSection
	GlobalSection(ExtensibilityGlobals) = postSolution
		SolutionGuid = {4CEEA15E-1926-483E-B72E-28E745A15414}
	EndGlobalSection
EndGlobal
